
Microsoft Visual Studio Solution File, Format Version 12.00
# Visual Studio Version 17
VisualStudioVersion = 17.0.31903.59
MinimumVisualStudioVersion = 10.0.40219.1
Project("{2150E333-8FDC-42A3-9474-1A3956D46DE8}") = "src", "src", "{827E0CD3-B72D-47B6-A68D-7590B98EB39B}"
EndProject
Project("{FAE04EC0-301F-11D3-BF4B-00C04F79EFBC}") = "TallerSaaS.Domain", "src\TallerSaaS.Domain\TallerSaaS.Domain.csproj", "{93B46DF1-8256-4945-993F-76D7E1162A8E}"
EndProject
Project("{FAE04EC0-301F-11D3-BF4B-00C04F79EFBC}") = "TallerSaaS.Application", "src\TallerSaaS.Application\TallerSaaS.Application.csproj", "{76519ADA-B818-40DE-B145-2357130AC046}"
EndProject
Project("{FAE04EC0-301F-11D3-BF4B-00C04F79EFBC}") = "TallerSaaS.Infrastructure", "src\TallerSaaS.Infrastructure\TallerSaaS.Infrastructure.csproj", "{A470FD88-2669-4E43-AA32-185F97C884E4}"
EndProject
Project("{FAE04EC0-301F-11D3-BF4B-00C04F79EFBC}") = "TallerSaaS.Shared", "src\TallerSaaS.Shared\TallerSaaS.Shared.csproj", "{8571CBB9-A903-41CD-8A38-B1BDCB72128F}"
EndProject
Project("{FAE04EC0-301F-11D3-BF4B-00C04F79EFBC}") = "TallerSaaS.Web", "src\TallerSaaS.Web\TallerSaaS.Web.csproj", "{F2BD9EC5-F1E4-4DE3-AF05-8ACB68DF2532}"
EndProject
Global
	GlobalSection(SolutionConfigurationPlatforms) = preSolution
		Debug|Any CPU = Debug|Any CPU
		Debug|x64 = Debug|x64
		Debug|x86 = Debug|x86
		Release|Any CPU = Release|Any CPU
		Release|x64 = Release|x64
		Release|x86 = Release|x86
	EndGlobalSection
	GlobalSection(ProjectConfigurationPlatforms) = postSolution
		{93B46DF1-8256-4945-993F-76D7E1162A8E}.Debug|Any CPU.ActiveCfg = Debug|Any CPU
		{93B46DF1-8256-4945-993F-76D7E1162A8E}.Debug|Any CPU.Build.0 = Debug|Any CPU
		{93B46DF1-8256-4945-993F-76D7E1162A8E}.Debug|x64.ActiveCfg = Debug|Any CPU
		{93B46DF1-8256-4945-993F-76D7E1162A8E}.Debug|x64.Build.0 = Debug|Any CPU
		{93B46DF1-8256-4945-993F-76D7E1162A8E}.Debug|x86.ActiveCfg = Debug|Any CPU
		{93B46DF1-8256-4945-993F-76D7E1162A8E}.Debug|x86.Build.0 = Debug|Any CPU
		{93B46DF1-8256-4945-993F-76D7E1162A8E}.Release|Any CPU.ActiveCfg = Release|Any CPU
		{93B46DF1-8256-4945-993F-76D7E1162A8E}.Release|Any CPU.Build.0 = Release|Any CPU
		{93B46DF1-8256-4945-993F-76D7E1162A8E}.Release|x64.ActiveCfg = Release|Any CPU
		{93B46DF1-8256-4945-993F-76D7E1162A8E}.Release|x64.Build.0 = Release|Any CPU
		{93B46DF1-8256-4945-993F-76D7E1162A8E}.Release|x86.ActiveCfg = Release|Any CPU
		{93B46DF1-8256-4945-993F-76D7E1162A8E}.Release|x86.Build.0 = Release|Any CPU
		{76519ADA-B818-40DE-B145-2357130AC046}.Debug|Any CPU.ActiveCfg = Debug|Any CPU
		{76519ADA-B818-40DE-B145-2357130AC046}.Debug|Any CPU.Build.0 = Debug|Any CPU
		{76519ADA-B818-40DE-B145-2357130AC046}.Debug|x64.ActiveCfg = Debug|Any CPU
		{76519ADA-B818-40DE-B145-2357130AC046}.Debug|x64.Build.0 = Debug|Any CPU
		{76519ADA-B818-40DE-B145-2357130AC046}.Debug|x86.ActiveCfg = Debug|Any CPU
		{76519ADA-B818-40DE-B145-2357130AC046}.Debug|x86.Build.0 = Debug|Any CPU
		{76519ADA-B818-40DE-B145-2357130AC046}.Release|Any CPU.ActiveCfg = Release|Any CPU
		{76519ADA-B818-40DE-B145-2357130AC046}.Release|Any CPU.Build.0 = Release|Any CPU
		{76519ADA-B818-40DE-B145-2357130AC046}.Release|x64.ActiveCfg = Release|Any CPU
		{76519ADA-B818-40DE-B145-2357130AC046}.Release|x64.Build.0 = Release|Any CPU
		{76519ADA-B818-40DE-B145-2357130AC046}.Release|x86.ActiveCfg = Release|Any CPU
		{76519ADA-B818-40DE-B145-2357130AC046}.Release|x86.Build.0 = Release|Any CPU
		{A470FD88-2669-4E43-AA32-185F97C884E4}.Debug|Any CPU.ActiveCfg = Debug|Any CPU
		{A470FD88-2669-4E43-AA32-185F97C884E4}.Debug|Any CPU.Build.0 = Debug|Any CPU
		{A470FD88-2669-4E43-AA32-185F97C884E4}.Debug|x64.ActiveCfg = Debug|Any CPU
		{A470FD88-2669-4E43-AA32-185F97C884E4}.Debug|x64.Build.0 = Debug|Any CPU
		{A470FD88-2669-4E43-AA32-185F97C884E4}.Debug|x86.ActiveCfg = Debug|Any CPU
		{A470FD88-2669-4E43-AA32-185F97C884E4}.Debug|x86.Build.0 = Debug|Any CPU
		{A470FD88-2669-4E43-AA32-185F97C884E4}.Release|Any CPU.ActiveCfg = Release|Any CPU
		{A470FD88-2669-4E43-AA32-185F97C884E4}.Release|Any CPU.Build.0 = Release|Any CPU
		{A470FD88-2669-4E43-AA32-185F97C884E4}.Release|x64.ActiveCfg = Release|Any CPU
		{A470FD88-2669-4E43-AA32-185F97C884E4}.Release|x64.Build.0 = Release|Any CPU
		{A470FD88-2669-4E43-AA32-185F97C884E4}.Release|x86.ActiveCfg = Release|Any CPU
		{A470FD88-2669-4E43-AA32-185F97C884E4}.Release|x86.Build.0 = Release|Any CPU
		{8571CBB9-A903-41CD-8A38-B1BDCB72128F}.Debug|Any CPU.ActiveCfg = Debug|Any CPU
		{8571CBB9-A903-41CD-8A38-B1BDCB72128F}.Debug|Any CPU.Build.0 = Debug|Any CPU
		{8571CBB9-A903-41CD-8A38-B1BDCB72128F}.Debug|x64.ActiveCfg = Debug|Any CPU
		{8571CBB9-A903-41CD-8A38-B1BDCB72128F}.Debug|x64.Build.0 = Debug|Any CPU
		{8571CBB9-A903-41CD-8A38-B1BDCB72128F}.Debug|x86.ActiveCfg = Debug|Any CPU
		{8571CBB9-A903-41CD-8A38-B1BDCB72128F}.Debug|x86.Build.0 = Debug|Any CPU
		{8571CBB9-A903-41CD-8A38-B1BDCB72128F}.Release|Any CPU.ActiveCfg = Release|Any CPU
		{8571CBB9-A903-41CD-8A38-B1BDCB72128F}.Release|Any CPU.Build.0 = Release|Any CPU
		{8571CBB9-A903-41CD-8A38-B1BDCB72128F}.Release|x64.ActiveCfg = Release|Any CPU
		{8571CBB9-A903-41CD-8A38-B1BDCB72128F}.Release|x64.Build.0 = Release|Any CPU
		{8571CBB9-A903-41CD-8A38-B1BDCB72128F}.Release|x86.ActiveCfg = Release|Any CPU
		{8571CBB9-A903-41CD-8A38-B1BDCB72128F}.Release|x86.Build.0 = Release|Any CPU
		{F2BD9EC5-F1E4-4DE3-AF05-8ACB68DF2532}.Debug|Any CPU.ActiveCfg = Debug|Any CPU
		{F2BD9EC5-F1E4-4DE3-AF05-8ACB68DF2532}.Debug|Any CPU.Build.0 = Debug|Any CPU
		{F2BD9EC5-F1E4-4DE3-AF05-8ACB68DF2532}.Debug|x64.ActiveCfg = Debug|Any CPU
		{F2BD9EC5-F1E4-4DE3-AF05-8ACB68DF2532}.Debug|x64.Build.0 = Debug|Any CPU
		{F2BD9EC5-F1E4-4DE3-AF05-8ACB68DF2532}.Debug|x86.ActiveCfg = Debug|Any CPU
		{F2BD9EC5-F1E4-4DE3-AF05-8ACB68DF2532}.Debug|x86.Build.0 = Debug|Any CPU
		{F2BD9EC5-F1E4-4DE3-AF05-8ACB68DF2532}.Release|Any CPU.ActiveCfg = Release|Any CPU
		{F2BD9EC5-F1E4-4DE3-AF05-8ACB68DF2532}.Release|Any CPU.Build.0 = Release|Any CPU
		{F2BD9EC5-F1E4-4DE3-AF05-8ACB68DF2532}.Release|x64.ActiveCfg = Release|Any CPU
		{F2BD9EC5-F1E4-4DE3-AF05-8ACB68DF2532}.Release|x64.Build.0 = Release|Any CPU
		{F2BD9EC5-F1E4-4DE3-AF05-8ACB68DF2532}.Release|x86.ActiveCfg = Release|Any CPU
		{F2BD9EC5-F1E4-4DE3-AF05-8ACB68DF2532}.Release|x86.Build.0 = Release|Any CPU
	EndGlobalSection
	GlobalSection(SolutionProperties) = preSolution
		HideSolutionNode = FALSE
	EndGlobalSection
	GlobalSection(NestedProjects) = preSolution
		{93B46DF1-8256-4945-993F-76D7E1162A8E} = {827E0CD3-B72D-47B6-A68D-7590B98EB39B}
		{76519ADA-B818-40DE-B145-2357130AC046} = {827E0CD3-B72D-47B6-A68D-7590B98EB39B}
		{A470FD88-2669-4E43-AA32-185F97C884E4} = {827E0CD3-B72D-47B6-A68D-7590B98EB39B}
		{8571CBB9-A903-41CD-8A38-B1BDCB72128F} = {827E0CD3-B72D-47B6-A68D-7590B98EB39B}
		{F2BD9EC5-F1E4-4DE3-AF05-8ACB68DF2532} = {827E0CD3-B72D-47B6-A68D-7590B98EB39B}
	EndGlobalSection
EndGlobal
